
Microsoft Visual Studio Solution File, Format Version 12.00
# Visual Studio Version 17
VisualStudioVersion = 17.14.36408.4 d17.14
MinimumVisualStudioVersion = 10.0.40219.1
Project("{FAE04EC0-301F-11D3-BF4B-00C04F79EFBC}") = "WebApplication1", "WebApplication1\WebApplication1.csproj", "{FAE05AF7-2F7E-44E2-9EF4-2BC1669A2C3B}"
EndProject
Global
	GlobalSection(SolutionConfigurationPlatforms) = preSolution
		Debug|Any CPU = Debug|Any CPU
		Release|Any CPU = Release|Any CPU
	EndGlobalSection
	GlobalSection(ProjectConfigurationPlatforms) = postSolution
		{FAE05AF7-2F7E-44E2-9EF4-2BC1669A2C3B}.Debug|Any CPU.ActiveCfg = Debug|Any CPU
		{FAE05AF7-2F7E-44E2-9EF4-2BC1669A2C3B}.Debug|Any CPU.Build.0 = Debug|Any CPU
		{FAE05AF7-2F7E-44E2-9EF4-2BC1669A2C3B}.Release|Any CPU.ActiveCfg = Release|Any CPU
		{FAE05AF7-2F7E-44E2-9EF4-2BC1669A2C3B}.Release|Any CPU.Build.0 = Release|Any CPU
	EndGlobalSection
	GlobalSection(SolutionProperties) = preSolution
		HideSolutionNode = FALSE
	EndGlobalSection
	GlobalSection(ExtensibilityGlobals) = postSolution
		SolutionGuid = {9D83172E-B3CD-4D01-B241-B247FD19DBD1}
	EndGlobalSection
EndGlobal
